
Microsoft Visual Studio Solution File, Format Version 12.00
# Visual Studio Version 17
VisualStudioVersion = 17.0.31903.59
MinimumVisualStudioVersion = 10.0.40219.1
Project("{2150E333-8FDC-42A3-9474-1A3956D46DE8}") = "src", "src", "{FEB20A79-86B1-4B1D-A799-C2FCDB6BCB73}"
EndProject
Project("{2150E333-8FDC-42A3-9474-1A3956D46DE8}") = "minio", "minio", "{19652AD0-02E2-4ED3-8814-CE7C15A64751}"
EndProject
Project("{FAE04EC0-301F-11D3-BF4B-00C04F79EFBC}") = "MinIO.Host", "src\minio\MinIO.Host\MinIO.Host.csproj", "{36115C0C-1FBA-49D3-B113-FB3AC4F6C185}"
EndProject
Project("{FAE04EC0-301F-11D3-BF4B-00C04F79EFBC}") = "MinIO.Application", "src\minio\MinIO.Application\MinIO.Application.csproj", "{C6D3C31A-5034-41F6-AACD-382780D7E739}"
EndProject
Global
	GlobalSection(SolutionConfigurationPlatforms) = preSolution
		Debug|Any CPU = Debug|Any CPU
		Release|Any CPU = Release|Any CPU
	EndGlobalSection
	GlobalSection(SolutionProperties) = preSolution
		HideSolutionNode = FALSE
	EndGlobalSection
	GlobalSection(ProjectConfigurationPlatforms) = postSolution
		{36115C0C-1FBA-49D3-B113-FB3AC4F6C185}.Debug|Any CPU.ActiveCfg = Debug|Any CPU
		{36115C0C-1FBA-49D3-B113-FB3AC4F6C185}.Debug|Any CPU.Build.0 = Debug|Any CPU
		{36115C0C-1FBA-49D3-B113-FB3AC4F6C185}.Release|Any CPU.ActiveCfg = Release|Any CPU
		{36115C0C-1FBA-49D3-B113-FB3AC4F6C185}.Release|Any CPU.Build.0 = Release|Any CPU
		{C6D3C31A-5034-41F6-AACD-382780D7E739}.Debug|Any CPU.ActiveCfg = Debug|Any CPU
		{C6D3C31A-5034-41F6-AACD-382780D7E739}.Debug|Any CPU.Build.0 = Debug|Any CPU
		{C6D3C31A-5034-41F6-AACD-382780D7E739}.Release|Any CPU.ActiveCfg = Release|Any CPU
		{C6D3C31A-5034-41F6-AACD-382780D7E739}.Release|Any CPU.Build.0 = Release|Any CPU
	EndGlobalSection
	GlobalSection(NestedProjects) = preSolution
		{19652AD0-02E2-4ED3-8814-CE7C15A64751} = {FEB20A79-86B1-4B1D-A799-C2FCDB6BCB73}
		{36115C0C-1FBA-49D3-B113-FB3AC4F6C185} = {19652AD0-02E2-4ED3-8814-CE7C15A64751}
		{C6D3C31A-5034-41F6-AACD-382780D7E739} = {19652AD0-02E2-4ED3-8814-CE7C15A64751}
	EndGlobalSection
EndGlobal
